{
  "name": "chillscript-crash-symbol-tools",
  "version": "1.0.0",
  "lockfileVersion": 3,
  "requires": true,
  "packages": {
    "": {
      "name": "chillscript-crash-symbol-tools",
      "version": "1.0.0",
      "devDependencies": {
        "@posthog/cli": "0.18.1"
      }
    },
    "node_modules/@posthog/cli": {
      "version": "0.18.1",
      "resolved": "https://registry.npmjs.org/@posthog/cli/-/cli-0.18.1.tgz",
      "integrity": "sha512-JRxa9fxpDaYsHmZRsfoQH1aJOkBaeNFjcZS3z2pkmCatVrY3tsTbNcN0g0nc7Z3VqDc21dYviSr9Rtz/+yBJ1A==",
      "dev": true,
      "hasInstallScript": true,
      "hasShrinkwrap": true,
      "license": "MIT",
      "dependencies": {
        "detect-libc": "^2.1.2"
      },
      "bin": {
        "posthog-cli": "run-posthog-cli.js"
      },
      "engines": {
        "node": ">=14.14",
        "npm": ">=6"
      }
    },
    "node_modules/@posthog/cli/node_modules/detect-libc": {
      "version": "2.1.2",
      "resolved": "https://registry.npmjs.org/detect-libc/-/detect-libc-2.1.2.tgz",
      "integrity": "sha512-Btj2BOOO83o3WyH59e8MgXsxEQVcarkUOpEYrubB0urwnN10yQ364rsiByU11nZlqWYZm05i/of7io4mzihBtQ==",
      "dev": true,
      "license": "Apache-2.0",
      "engines": {
        "node": ">=8"
      }
    },
    "node_modules/@posthog/cli/node_modules/prettier": {
      "version": "3.8.3",
      "resolved": "https://registry.npmjs.org/prettier/-/prettier-3.8.3.tgz",
      "integrity": "sha512-7igPTM53cGHMW8xWuVTydi2KO233VFiTNyF5hLJqpilHfmn8C8gPf+PS7dUT64YcXFbiMGZxS9pCSxL/Dxm/Jw==",
      "extraneous": true,
      "license": "MIT",
      "bin": {
        "prettier": "bin/prettier.cjs"
      },
      "engines": {
        "node": ">=14"
      },
      "funding": {
        "url": "https://github.com/prettier/prettier?sponsor=1"
      }
    }
  }
}
